
Microsoft Visual Studio Solution File, Format Version 12.00
# Visual Studio Version 17
VisualStudioVersion = 17.6.33801.468
MinimumVisualStudioVersion = 10.0.40219.1
Project("{54A90642-561A-4BB1-A94E-469ADEE60C69}") = "calculationminigames", "calculationminigames.esproj", "{77E3B1A0-4110-4BCE-9863-9A96581FDEA2}"
EndProject
Global
	GlobalSection(SolutionConfigurationPlatforms) = preSolution
		Debug|Any CPU = Debug|Any CPU
		Release|Any CPU = Release|Any CPU
	EndGlobalSection
	GlobalSection(ProjectConfigurationPlatforms) = postSolution
		{77E3B1A0-4110-4BCE-9863-9A96581FDEA2}.Debug|Any CPU.ActiveCfg = Debug|Any CPU
		{77E3B1A0-4110-4BCE-9863-9A96581FDEA2}.Debug|Any CPU.Build.0 = Debug|Any CPU
		{77E3B1A0-4110-4BCE-9863-9A96581FDEA2}.Debug|Any CPU.Deploy.0 = Debug|Any CPU
		{77E3B1A0-4110-4BCE-9863-9A96581FDEA2}.Release|Any CPU.ActiveCfg = Release|Any CPU
		{77E3B1A0-4110-4BCE-9863-9A96581FDEA2}.Release|Any CPU.Build.0 = Release|Any CPU
		{77E3B1A0-4110-4BCE-9863-9A96581FDEA2}.Release|Any CPU.Deploy.0 = Release|Any CPU
	EndGlobalSection
	GlobalSection(SolutionProperties) = preSolution
		HideSolutionNode = FALSE
	EndGlobalSection
	GlobalSection(ExtensibilityGlobals) = postSolution
		SolutionGuid = {8371C9B6-19DA-4EB0-AD2F-B657BA1D7BA6}
	EndGlobalSection
EndGlobal
